
Microsoft Visual Studio Solution File, Format Version 12.00
# Visual Studio Version 16
VisualStudioVersion = 16.0.29503.13
MinimumVisualStudioVersion = 10.0.40219.1
Project("{FAE04EC0-301F-11D3-BF4B-00C04F79EFBC}") = "ManipulacaoDeArquivos", "ManipulacaoDeArquivos.csproj", "{5B82389E-935A-4573-A63D-3AC91F62C1C4}"
EndProject
Global
	GlobalSection(SolutionConfigurationPlatforms) = preSolution
		Debug|Any CPU = Debug|Any CPU
		Release|Any CPU = Release|Any CPU
	EndGlobalSection
	GlobalSection(ProjectConfigurationPlatforms) = postSolution
		{5B82389E-935A-4573-A63D-3AC91F62C1C4}.Debug|Any CPU.ActiveCfg = Debug|Any CPU
		{5B82389E-935A-4573-A63D-3AC91F62C1C4}.Debug|Any CPU.Build.0 = Debug|Any CPU
		{5B82389E-935A-4573-A63D-3AC91F62C1C4}.Release|Any CPU.ActiveCfg = Release|Any CPU
		{5B82389E-935A-4573-A63D-3AC91F62C1C4}.Release|Any CPU.Build.0 = Release|Any CPU
	EndGlobalSection
	GlobalSection(SolutionProperties) = preSolution
		HideSolutionNode = FALSE
	EndGlobalSection
	GlobalSection(ExtensibilityGlobals) = postSolution
		SolutionGuid = {7C0017AD-422E-4DAD-A918-D91E6D5DA292}
	EndGlobalSection
EndGlobal
